
Microsoft Visual Studio Solution File, Format Version 12.00
# Visual Studio Version 16
VisualStudioVersion = 16.0.29503.13
MinimumVisualStudioVersion = 10.0.40219.1
Project("{2150E333-8FDC-42A3-9474-1A3956D46DE8}") = "CSMS.API", "CSMS.API", "{4F43F6DF-72B2-4874-9D24-7C40955C2924}"
EndProject
Project("{2150E333-8FDC-42A3-9474-1A3956D46DE8}") = "CSMS.DMS", "CSMS.DMS", "{D02A7005-98FD-46F6-9D42-A745CE376564}"
	ProjectSection(SolutionItems) = preProject
		steps-for-deploy-to-docker.txt = steps-for-deploy-to-docker.txt
	EndProjectSection
EndProject
Project("{2150E333-8FDC-42A3-9474-1A3956D46DE8}") = "CSMS.EC", "CSMS.EC", "{8CB57E2C-83EF-46D0-AC28-DF9AF6A6174B}"
EndProject
Project("{2150E333-8FDC-42A3-9474-1A3956D46DE8}") = "CSMS.OMS", "CSMS.OMS", "{0D33C763-E3D1-432D-AF33-4FBE55F72B40}"
EndProject
Project("{2150E333-8FDC-42A3-9474-1A3956D46DE8}") = "CSMS.SM", "CSMS.SM", "{C8726009-FB23-4A1C-B116-DC1A0BC181D5}"
EndProject
Project("{2150E333-8FDC-42A3-9474-1A3956D46DE8}") = "CatalogApi", "CatalogApi", "{F8B40C32-F9C3-4EE5-9895-02BE510A9E92}"
EndProject
Project("{9A19103F-16F7-4668-BE54-9A1E7A4F7556}") = "CatalogApi", "CSMS.API\CatalogApi\CatalogApi.csproj", "{C567E76C-2B2A-44CD-85F0-1FA2187D023E}"
EndProject
Project("{2150E333-8FDC-42A3-9474-1A3956D46DE8}") = "DeliveryApi", "DeliveryApi", "{8B6478C7-DD5D-4B21-8575-13F9A3445FE7}"
EndProject
Project("{2150E333-8FDC-42A3-9474-1A3956D46DE8}") = "OrdersApi", "OrdersApi", "{EF7EFBFB-096D-4A15-AD68-BE9B0E437067}"
EndProject
Project("{2150E333-8FDC-42A3-9474-1A3956D46DE8}") = "CSMS.DMS.API", "CSMS.DMS.API", "{3B8173BD-A72D-4F75-81AD-79163CCED8B4}"
EndProject
Project("{9A19103F-16F7-4668-BE54-9A1E7A4F7556}") = "CSMS.DMS.API", "CSMS.DMS\CSMS.DMS.API\CSMS.DMS.API.csproj", "{50040EB2-0343-4F5E-9004-29A256A9999B}"
EndProject
Project("{E24C65DC-7377-472B-9ABA-BC803B73C61A}") = "CSMS.DMS.UI", "CSMS.DMS\CSMS.DMS.UI\", "{1E7CB4FE-5B0E-4502-A103-0FBFFC6AA207}"
	ProjectSection(WebsiteProperties) = preProject
		TargetFrameworkMoniker = ".NETFramework,Version%3Dv2.0"
		Debug.AspNetCompiler.VirtualPath = "/localhost_59101"
		Debug.AspNetCompiler.PhysicalPath = "CSMS.DMS\CSMS.DMS.UI\"
		Debug.AspNetCompiler.TargetPath = "PrecompiledWeb\localhost_59101\"
		Debug.AspNetCompiler.Updateable = "true"
		Debug.AspNetCompiler.ForceOverwrite = "true"
		Debug.AspNetCompiler.FixedNames = "false"
		Debug.AspNetCompiler.Debug = "True"
		Release.AspNetCompiler.VirtualPath = "/localhost_59101"
		Release.AspNetCompiler.PhysicalPath = "CSMS.DMS\CSMS.DMS.UI\"
		Release.AspNetCompiler.TargetPath = "PrecompiledWeb\localhost_59101\"
		Release.AspNetCompiler.Updateable = "true"
		Release.AspNetCompiler.ForceOverwrite = "true"
		Release.AspNetCompiler.FixedNames = "false"
		Release.AspNetCompiler.Debug = "False"
		VWDPort = "59101"
		SlnRelativePath = "CSMS.DMS\CSMS.DMS.UI\"
	EndProjectSection
EndProject
Project("{2150E333-8FDC-42A3-9474-1A3956D46DE8}") = "CSMS.DMS.DB", "CSMS.DMS.DB", "{C94ABC23-6990-4227-9894-6EB4BB08C691}"
	ProjectSection(SolutionItems) = preProject
		CSMS.DMS\CSMS.DMS.DB\dms.sql = CSMS.DMS\CSMS.DMS.DB\dms.sql
		CSMS.DMS\CSMS.DMS.DB\docker-compose.yml = CSMS.DMS\CSMS.DMS.DB\docker-compose.yml
	EndProjectSection
EndProject
Project("{2150E333-8FDC-42A3-9474-1A3956D46DE8}") = "CSMS.EC.GatewayAPI", "CSMS.EC.GatewayAPI", "{8F41A1AF-A550-45CF-B1DA-DF6B20167DF8}"
EndProject
Project("{9A19103F-16F7-4668-BE54-9A1E7A4F7556}") = "ECGatewayAPI", "CSMS.EC\ECGatewayAPI\ECGatewayAPI.csproj", "{71E09D04-B419-4BA4-A427-56ABA95C487D}"
EndProject
Project("{2150E333-8FDC-42A3-9474-1A3956D46DE8}") = "CSMS.ECW.UI", "CSMS.ECW.UI", "{DB8E45D9-01B2-43EA-866B-49A8A488BB22}"
EndProject
Project("{2150E333-8FDC-42A3-9474-1A3956D46DE8}") = "CSMS.OMS.GatewayApi", "CSMS.OMS.GatewayApi", "{F52229F2-7AD0-43C1-8B4C-A14D2B65921E}"
EndProject
Project("{9A19103F-16F7-4668-BE54-9A1E7A4F7556}") = "CSMS.OMS.GatewayApi", "CSMS.OMS\CSMS.OMS.GatewayApi\CSMS.OMS.GatewayApi.csproj", "{70791BE6-C339-4D2F-A171-D8FB79E97A9F}"
EndProject
Project("{E24C65DC-7377-472B-9ABA-BC803B73C61A}") = "CSMS.OMS.UI", "CSMS.OMS\CSMS.OMS.UI\", "{F57EC82F-70D1-4485-91C7-988C2C20FE96}"
	ProjectSection(WebsiteProperties) = preProject
		TargetFrameworkMoniker = ".NETFramework,Version%3Dv4.0"
		Debug.AspNetCompiler.VirtualPath = "/localhost_59125"
		Debug.AspNetCompiler.PhysicalPath = "CSMS.OMS\CSMS.OMS.UI\"
		Debug.AspNetCompiler.TargetPath = "PrecompiledWeb\localhost_59125\"
		Debug.AspNetCompiler.Updateable = "true"
		Debug.AspNetCompiler.ForceOverwrite = "true"
		Debug.AspNetCompiler.FixedNames = "false"
		Debug.AspNetCompiler.Debug = "True"
		Release.AspNetCompiler.VirtualPath = "/localhost_59125"
		Release.AspNetCompiler.PhysicalPath = "CSMS.OMS\CSMS.OMS.UI\"
		Release.AspNetCompiler.TargetPath = "PrecompiledWeb\localhost_59125\"
		Release.AspNetCompiler.Updateable = "true"
		Release.AspNetCompiler.ForceOverwrite = "true"
		Release.AspNetCompiler.FixedNames = "false"
		Release.AspNetCompiler.Debug = "False"
		VWDPort = "59125"
		SlnRelativePath = "CSMS.OMS\CSMS.OMS.UI\"
	EndProjectSection
EndProject
Project("{2150E333-8FDC-42A3-9474-1A3956D46DE8}") = "CSMS.SM.GatewayApi", "CSMS.SM.GatewayApi", "{0BD7AA8D-A7B9-4EF3-B326-E27FD037917C}"
EndProject
Project("{9A19103F-16F7-4668-BE54-9A1E7A4F7556}") = "CSMS.SM.GatewayApi", "CSMS.SM\CSMS.SM.GatewayApi\CSMS.SM.GatewayApi.csproj", "{940C7E76-B044-44BD-9765-5BC024DCDFB5}"
EndProject
Project("{E24C65DC-7377-472B-9ABA-BC803B73C61A}") = "SocketApi", "CSMS.API\SocketApi\", "{EC2BEEE4-64D9-40B9-AF66-547191521EC0}"
	ProjectSection(WebsiteProperties) = preProject
		TargetFrameworkMoniker = ".NETFramework,Version%3Dv4.0"
		Debug.AspNetCompiler.VirtualPath = "/localhost_59137"
		Debug.AspNetCompiler.PhysicalPath = "CSMS.API\SocketApi\"
		Debug.AspNetCompiler.TargetPath = "PrecompiledWeb\localhost_59137\"
		Debug.AspNetCompiler.Updateable = "true"
		Debug.AspNetCompiler.ForceOverwrite = "true"
		Debug.AspNetCompiler.FixedNames = "false"
		Debug.AspNetCompiler.Debug = "True"
		Release.AspNetCompiler.VirtualPath = "/localhost_59137"
		Release.AspNetCompiler.PhysicalPath = "CSMS.API\SocketApi\"
		Release.AspNetCompiler.TargetPath = "PrecompiledWeb\localhost_59137\"
		Release.AspNetCompiler.Updateable = "true"
		Release.AspNetCompiler.ForceOverwrite = "true"
		Release.AspNetCompiler.FixedNames = "false"
		Release.AspNetCompiler.Debug = "False"
		VWDPort = "59137"
		SlnRelativePath = "CSMS.API\SocketApi\"
	EndProjectSection
EndProject
Project("{2150E333-8FDC-42A3-9474-1A3956D46DE8}") = "CSMS.DPS", "CSMS.DPS", "{0600685F-CD4A-41DA-9182-C5123E3F58AD}"
EndProject
Project("{2150E333-8FDC-42A3-9474-1A3956D46DE8}") = "PaymentsApi", "PaymentsApi", "{3850C95F-C4AD-4542-BD10-D06BD47B7C7E}"
EndProject
Project("{2150E333-8FDC-42A3-9474-1A3956D46DE8}") = "NotificationApi", "NotificationApi", "{53794AE8-F85D-4FE0-80C9-55E3BD9B482A}"
EndProject
Project("{2150E333-8FDC-42A3-9474-1A3956D46DE8}") = "MailServiceApi", "MailServiceApi", "{DCD36C12-FCEF-4DA3-A1D2-D7990D493369}"
EndProject
Project("{2150E333-8FDC-42A3-9474-1A3956D46DE8}") = "BackgroundApi", "BackgroundApi", "{574B48AC-709B-433C-90D2-3C365A5E9551}"
EndProject
Project("{2150E333-8FDC-42A3-9474-1A3956D46DE8}") = "UsersApi", "UsersApi", "{36154C1A-4420-47C7-94C6-598EC026FCFA}"
EndProject
Project("{2150E333-8FDC-42A3-9474-1A3956D46DE8}") = "ProductsApi", "ProductsApi", "{A2046A63-3957-4500-B713-6524079EAFDA}"
EndProject
Project("{2150E333-8FDC-42A3-9474-1A3956D46DE8}") = "ReportsApi", "ReportsApi", "{9F441AD2-83D7-4B12-B14D-6AF124D51041}"
EndProject
Project("{2150E333-8FDC-42A3-9474-1A3956D46DE8}") = "CSMS.Shared", "CSMS.Shared", "{ADE3325E-9CC0-45B0-AA99-F00D5DFB4D24}"
EndProject
Project("{2150E333-8FDC-42A3-9474-1A3956D46DE8}") = "BillsApi", "BillsApi", "{151203AB-85C1-4057-8A0C-89FC476BF573}"
EndProject
Project("{9A19103F-16F7-4668-BE54-9A1E7A4F7556}") = "UsersApi", "CSMS.API\UsersApi\UsersApi\UsersApi.csproj", "{DB8A2B65-91E7-4FFE-9BD2-B7D74254C941}"
EndProject
Project("{9A19103F-16F7-4668-BE54-9A1E7A4F7556}") = "DeliveryApi", "CSMS.API\DeliveryApi\DeliveryApi\DeliveryApi.csproj", "{A4CB1633-F6D7-43F1-AE51-F2212DFAE80B}"
EndProject
Project("{9A19103F-16F7-4668-BE54-9A1E7A4F7556}") = "OrdersApi", "CSMS.API\OrdersApi\OrdersApi\OrdersApi.csproj", "{05B6932A-4776-4BF0-B133-B584E38271ED}"
EndProject
Project("{9A19103F-16F7-4668-BE54-9A1E7A4F7556}") = "ProductsApi", "CSMS.API\ProductsApi\ProductsApi\ProductsApi.csproj", "{5910CAD7-36C6-4A73-8707-66D4E67A8704}"
EndProject
Project("{2150E333-8FDC-42A3-9474-1A3956D46DE8}") = "Presentation", "Presentation", "{F2F442D2-6DBE-42BB-8E1F-AE9A27E83FC8}"
EndProject
Project("{9A19103F-16F7-4668-BE54-9A1E7A4F7556}") = "UsersApi.Framework", "CSMS.API\UsersApi\UsersApi.Framework\UsersApi.Framework.csproj", "{8BF24D41-9308-478A-9993-21ED825164AA}"
EndProject
Project("{E24C65DC-7377-472B-9ABA-BC803B73C61A}") = "CSMS.ECW.UI", "CSMS.EC\CSMS.ECW.UI\", "{A10B01E0-8F7E-4B59-9F93-210FB32DC8A8}"
	ProjectSection(WebsiteProperties) = preProject
		TargetFrameworkMoniker = ".NETFramework,Version%3Dv4.0"
		Debug.AspNetCompiler.VirtualPath = "/localhost_58798"
		Debug.AspNetCompiler.PhysicalPath = "CSMS.EC\CSMS.ECW.UI\"
		Debug.AspNetCompiler.TargetPath = "PrecompiledWeb\localhost_58798\"
		Debug.AspNetCompiler.Updateable = "true"
		Debug.AspNetCompiler.ForceOverwrite = "true"
		Debug.AspNetCompiler.FixedNames = "false"
		Debug.AspNetCompiler.Debug = "True"
		Release.AspNetCompiler.VirtualPath = "/localhost_58798"
		Release.AspNetCompiler.PhysicalPath = "CSMS.EC\CSMS.ECW.UI\"
		Release.AspNetCompiler.TargetPath = "PrecompiledWeb\localhost_58798\"
		Release.AspNetCompiler.Updateable = "true"
		Release.AspNetCompiler.ForceOverwrite = "true"
		Release.AspNetCompiler.FixedNames = "false"
		Release.AspNetCompiler.Debug = "False"
		VWDPort = "58798"
		SlnRelativePath = "CSMS.EC\CSMS.ECW.UI\"
	EndProjectSection
EndProject
Project("{2150E333-8FDC-42A3-9474-1A3956D46DE8}") = "Applications", "Applications", "{805E5618-716D-49EB-BC27-8F2B1DF335B7}"
EndProject
Project("{2150E333-8FDC-42A3-9474-1A3956D46DE8}") = "Libraties", "Libraties", "{8B29596E-30C7-4229-B8D6-26AC63727C1F}"
EndProject
Project("{9A19103F-16F7-4668-BE54-9A1E7A4F7556}") = "UsersApi.Business", "CSMS.API\UsersApi\UsersApi.Business\UsersApi.Business.csproj", "{1D6E97F5-0057-4334-AF98-F3F287A480EB}"
EndProject
Project("{9A19103F-16F7-4668-BE54-9A1E7A4F7556}") = "UsersApi.Data", "CSMS.API\UsersApi\UsersApi.Data\UsersApi.Data.csproj", "{2500A1ED-7573-49B9-8E4A-F98D514FBDB3}"
EndProject
Project("{9A19103F-16F7-4668-BE54-9A1E7A4F7556}") = "CSMS.DMS.Business", "CSMS.DMS\CSMS.DMS.Business\CSMS.DMS.Business.csproj", "{BC3FC983-9093-4B58-B61D-45F69D39C85C}"
EndProject
Project("{9A19103F-16F7-4668-BE54-9A1E7A4F7556}") = "CSMS.DMS.Data", "CSMS.DMS\CSMS.DMS.Data\CSMS.DMS.Data.csproj", "{AB0BB214-4370-4209-B7FA-CF6296B039FB}"
EndProject
Project("{9A19103F-16F7-4668-BE54-9A1E7A4F7556}") = "CSMS.DMS.Framework", "CSMS.DMS\CSMS.DMS.Framework\CSMS.DMS.Framework.csproj", "{8A533973-CA7B-4E8B-B2B7-9F8C0913120D}"
EndProject
Project("{9A19103F-16F7-4668-BE54-9A1E7A4F7556}") = "CSMS.DMS.Libraries", "CSMS.DMS\CSMS.DMS.Libraries\CSMS.DMS.Libraries.csproj", "{26C44BDD-4E47-42FE-995D-AB1E6F639670}"
EndProject
Project("{2150E333-8FDC-42A3-9474-1A3956D46DE8}") = "CdnApi", "CdnApi", "{B0A3CF0A-F145-4C3F-8A08-FC5279CA4EB2}"
EndProject
Project("{2150E333-8FDC-42A3-9474-1A3956D46DE8}") = "Presentation", "Presentation", "{B9B62345-FD45-409E-B297-0B2D12B606CD}"
EndProject
Project("{2150E333-8FDC-42A3-9474-1A3956D46DE8}") = "Libraries", "Libraries", "{770025B1-3BB5-4D49-AD47-65512C9B6DFD}"
EndProject
Project("{2150E333-8FDC-42A3-9474-1A3956D46DE8}") = "Application", "Application", "{2D0F8B16-7AC9-4D9E-AC8E-E082A8D20B12}"
EndProject
Project("{9A19103F-16F7-4668-BE54-9A1E7A4F7556}") = "CdnApi", "CSMS.API\CdnApi\CdnApi\CdnApi.csproj", "{016D3B41-F166-45DA-90B8-D756DA6A08DB}"
EndProject
Project("{9A19103F-16F7-4668-BE54-9A1E7A4F7556}") = "CdnApi.Framework", "CSMS.API\CdnApi\CdnApi.Framework\CdnApi.Framework.csproj", "{F96A087E-ED67-4D46-AA54-9E58714C42ED}"
EndProject
Project("{9A19103F-16F7-4668-BE54-9A1E7A4F7556}") = "CdnApi.Data", "CSMS.API\CdnApi\CdnApi.Data\CdnApi.Data.csproj", "{1751B4AB-C701-42AE-9AB0-9C06715F9E23}"
EndProject
Project("{9A19103F-16F7-4668-BE54-9A1E7A4F7556}") = "CdnApi.Business", "CSMS.API\CdnApi\CdnApi.Business\CdnApi.Business.csproj", "{7FEAF58A-66BC-40E1-8697-AB8EAF50C2FC}"
EndProject
Project("{2150E333-8FDC-42A3-9474-1A3956D46DE8}") = "Shared", "Shared", "{8B94928E-AC9C-4A3B-A2AB-1F2F45BE592F}"
EndProject
Project("{9A19103F-16F7-4668-BE54-9A1E7A4F7556}") = "CdnApi.Common", "CSMS.API\CdnApi\CdnApi.Common\CdnApi.Common.csproj", "{570B2D90-7B15-4028-8550-D111DE9DA53E}"
EndProject
Project("{9A19103F-16F7-4668-BE54-9A1E7A4F7556}") = "CdnApi.Constants", "CSMS.API\CdnApi\CdnApi.Constants\CdnApi.Constants.csproj", "{CF72AD1B-B495-49C3-854E-A00799F3C6BF}"
EndProject
Project("{9A19103F-16F7-4668-BE54-9A1E7A4F7556}") = "CdnApi.CrossCutting", "CSMS.API\CdnApi\CdnApi.CrossCutting\CdnApi.CrossCutting.csproj", "{172A4E8C-E880-4CDD-8F4C-33E5EF67C37C}"
EndProject
Project("{9A19103F-16F7-4668-BE54-9A1E7A4F7556}") = "CSMS.Framework", "CSMS.Shared\CSMS.Framework\CSMS.Framework.csproj", "{206FD072-E811-4164-9BF0-9D2CE62759B5}"
EndProject
Project("{9A19103F-16F7-4668-BE54-9A1E7A4F7556}") = "CSMS.Constants", "CSMS.Shared\CSMS.Constants\CSMS.Constants.csproj", "{50668240-9E4A-4331-AC57-EB2DFABEBDC9}"
EndProject
Global
	GlobalSection(SolutionConfigurationPlatforms) = preSolution
		Debug|Any CPU = Debug|Any CPU
		Release|Any CPU = Release|Any CPU
	EndGlobalSection
	GlobalSection(ProjectConfigurationPlatforms) = postSolution
		{C567E76C-2B2A-44CD-85F0-1FA2187D023E}.Debug|Any CPU.ActiveCfg = Debug|Any CPU
		{C567E76C-2B2A-44CD-85F0-1FA2187D023E}.Debug|Any CPU.Build.0 = Debug|Any CPU
		{C567E76C-2B2A-44CD-85F0-1FA2187D023E}.Release|Any CPU.ActiveCfg = Release|Any CPU
		{C567E76C-2B2A-44CD-85F0-1FA2187D023E}.Release|Any CPU.Build.0 = Release|Any CPU
		{50040EB2-0343-4F5E-9004-29A256A9999B}.Debug|Any CPU.ActiveCfg = Debug|Any CPU
		{50040EB2-0343-4F5E-9004-29A256A9999B}.Debug|Any CPU.Build.0 = Debug|Any CPU
		{50040EB2-0343-4F5E-9004-29A256A9999B}.Release|Any CPU.ActiveCfg = Release|Any CPU
		{50040EB2-0343-4F5E-9004-29A256A9999B}.Release|Any CPU.Build.0 = Release|Any CPU
		{1E7CB4FE-5B0E-4502-A103-0FBFFC6AA207}.Debug|Any CPU.ActiveCfg = Debug|Any CPU
		{1E7CB4FE-5B0E-4502-A103-0FBFFC6AA207}.Debug|Any CPU.Build.0 = Debug|Any CPU
		{1E7CB4FE-5B0E-4502-A103-0FBFFC6AA207}.Release|Any CPU.ActiveCfg = Debug|Any CPU
		{1E7CB4FE-5B0E-4502-A103-0FBFFC6AA207}.Release|Any CPU.Build.0 = Debug|Any CPU
		{71E09D04-B419-4BA4-A427-56ABA95C487D}.Debug|Any CPU.ActiveCfg = Debug|Any CPU
		{71E09D04-B419-4BA4-A427-56ABA95C487D}.Debug|Any CPU.Build.0 = Debug|Any CPU
		{71E09D04-B419-4BA4-A427-56ABA95C487D}.Release|Any CPU.ActiveCfg = Release|Any CPU
		{71E09D04-B419-4BA4-A427-56ABA95C487D}.Release|Any CPU.Build.0 = Release|Any CPU
		{70791BE6-C339-4D2F-A171-D8FB79E97A9F}.Debug|Any CPU.ActiveCfg = Debug|Any CPU
		{70791BE6-C339-4D2F-A171-D8FB79E97A9F}.Debug|Any CPU.Build.0 = Debug|Any CPU
		{70791BE6-C339-4D2F-A171-D8FB79E97A9F}.Release|Any CPU.ActiveCfg = Release|Any CPU
		{70791BE6-C339-4D2F-A171-D8FB79E97A9F}.Release|Any CPU.Build.0 = Release|Any CPU
		{F57EC82F-70D1-4485-91C7-988C2C20FE96}.Debug|Any CPU.ActiveCfg = Debug|Any CPU
		{F57EC82F-70D1-4485-91C7-988C2C20FE96}.Debug|Any CPU.Build.0 = Debug|Any CPU
		{F57EC82F-70D1-4485-91C7-988C2C20FE96}.Release|Any CPU.ActiveCfg = Debug|Any CPU
		{F57EC82F-70D1-4485-91C7-988C2C20FE96}.Release|Any CPU.Build.0 = Debug|Any CPU
		{940C7E76-B044-44BD-9765-5BC024DCDFB5}.Debug|Any CPU.ActiveCfg = Debug|Any CPU
		{940C7E76-B044-44BD-9765-5BC024DCDFB5}.Debug|Any CPU.Build.0 = Debug|Any CPU
		{940C7E76-B044-44BD-9765-5BC024DCDFB5}.Release|Any CPU.ActiveCfg = Release|Any CPU
		{940C7E76-B044-44BD-9765-5BC024DCDFB5}.Release|Any CPU.Build.0 = Release|Any CPU
		{EC2BEEE4-64D9-40B9-AF66-547191521EC0}.Debug|Any CPU.ActiveCfg = Debug|Any CPU
		{EC2BEEE4-64D9-40B9-AF66-547191521EC0}.Debug|Any CPU.Build.0 = Debug|Any CPU
		{EC2BEEE4-64D9-40B9-AF66-547191521EC0}.Release|Any CPU.ActiveCfg = Debug|Any CPU
		{EC2BEEE4-64D9-40B9-AF66-547191521EC0}.Release|Any CPU.Build.0 = Debug|Any CPU
		{DB8A2B65-91E7-4FFE-9BD2-B7D74254C941}.Debug|Any CPU.ActiveCfg = Debug|Any CPU
		{DB8A2B65-91E7-4FFE-9BD2-B7D74254C941}.Debug|Any CPU.Build.0 = Debug|Any CPU
		{DB8A2B65-91E7-4FFE-9BD2-B7D74254C941}.Release|Any CPU.ActiveCfg = Release|Any CPU
		{DB8A2B65-91E7-4FFE-9BD2-B7D74254C941}.Release|Any CPU.Build.0 = Release|Any CPU
		{A4CB1633-F6D7-43F1-AE51-F2212DFAE80B}.Debug|Any CPU.ActiveCfg = Debug|Any CPU
		{A4CB1633-F6D7-43F1-AE51-F2212DFAE80B}.Debug|Any CPU.Build.0 = Debug|Any CPU
		{A4CB1633-F6D7-43F1-AE51-F2212DFAE80B}.Release|Any CPU.ActiveCfg = Release|Any CPU
		{A4CB1633-F6D7-43F1-AE51-F2212DFAE80B}.Release|Any CPU.Build.0 = Release|Any CPU
		{05B6932A-4776-4BF0-B133-B584E38271ED}.Debug|Any CPU.ActiveCfg = Debug|Any CPU
		{05B6932A-4776-4BF0-B133-B584E38271ED}.Debug|Any CPU.Build.0 = Debug|Any CPU
		{05B6932A-4776-4BF0-B133-B584E38271ED}.Release|Any CPU.ActiveCfg = Release|Any CPU
		{05B6932A-4776-4BF0-B133-B584E38271ED}.Release|Any CPU.Build.0 = Release|Any CPU
		{5910CAD7-36C6-4A73-8707-66D4E67A8704}.Debug|Any CPU.ActiveCfg = Debug|Any CPU
		{5910CAD7-36C6-4A73-8707-66D4E67A8704}.Debug|Any CPU.Build.0 = Debug|Any CPU
		{5910CAD7-36C6-4A73-8707-66D4E67A8704}.Release|Any CPU.ActiveCfg = Release|Any CPU
		{5910CAD7-36C6-4A73-8707-66D4E67A8704}.Release|Any CPU.Build.0 = Release|Any CPU
		{8BF24D41-9308-478A-9993-21ED825164AA}.Debug|Any CPU.ActiveCfg = Debug|Any CPU
		{8BF24D41-9308-478A-9993-21ED825164AA}.Debug|Any CPU.Build.0 = Debug|Any CPU
		{8BF24D41-9308-478A-9993-21ED825164AA}.Release|Any CPU.ActiveCfg = Release|Any CPU
		{8BF24D41-9308-478A-9993-21ED825164AA}.Release|Any CPU.Build.0 = Release|Any CPU
		{A10B01E0-8F7E-4B59-9F93-210FB32DC8A8}.Debug|Any CPU.ActiveCfg = Debug|Any CPU
		{A10B01E0-8F7E-4B59-9F93-210FB32DC8A8}.Debug|Any CPU.Build.0 = Debug|Any CPU
		{A10B01E0-8F7E-4B59-9F93-210FB32DC8A8}.Release|Any CPU.ActiveCfg = Debug|Any CPU
		{A10B01E0-8F7E-4B59-9F93-210FB32DC8A8}.Release|Any CPU.Build.0 = Debug|Any CPU
		{1D6E97F5-0057-4334-AF98-F3F287A480EB}.Debug|Any CPU.ActiveCfg = Debug|Any CPU
		{1D6E97F5-0057-4334-AF98-F3F287A480EB}.Debug|Any CPU.Build.0 = Debug|Any CPU
		{1D6E97F5-0057-4334-AF98-F3F287A480EB}.Release|Any CPU.ActiveCfg = Release|Any CPU
		{1D6E97F5-0057-4334-AF98-F3F287A480EB}.Release|Any CPU.Build.0 = Release|Any CPU
		{2500A1ED-7573-49B9-8E4A-F98D514FBDB3}.Debug|Any CPU.ActiveCfg = Debug|Any CPU
		{2500A1ED-7573-49B9-8E4A-F98D514FBDB3}.Debug|Any CPU.Build.0 = Debug|Any CPU
		{2500A1ED-7573-49B9-8E4A-F98D514FBDB3}.Release|Any CPU.ActiveCfg = Release|Any CPU
		{2500A1ED-7573-49B9-8E4A-F98D514FBDB3}.Release|Any CPU.Build.0 = Release|Any CPU
		{BC3FC983-9093-4B58-B61D-45F69D39C85C}.Debug|Any CPU.ActiveCfg = Debug|Any CPU
		{BC3FC983-9093-4B58-B61D-45F69D39C85C}.Debug|Any CPU.Build.0 = Debug|Any CPU
		{BC3FC983-9093-4B58-B61D-45F69D39C85C}.Release|Any CPU.ActiveCfg = Release|Any CPU
		{BC3FC983-9093-4B58-B61D-45F69D39C85C}.Release|Any CPU.Build.0 = Release|Any CPU
		{AB0BB214-4370-4209-B7FA-CF6296B039FB}.Debug|Any CPU.ActiveCfg = Debug|Any CPU
		{AB0BB214-4370-4209-B7FA-CF6296B039FB}.Debug|Any CPU.Build.0 = Debug|Any CPU
		{AB0BB214-4370-4209-B7FA-CF6296B039FB}.Release|Any CPU.ActiveCfg = Release|Any CPU
		{AB0BB214-4370-4209-B7FA-CF6296B039FB}.Release|Any CPU.Build.0 = Release|Any CPU
		{8A533973-CA7B-4E8B-B2B7-9F8C0913120D}.Debug|Any CPU.ActiveCfg = Debug|Any CPU
		{8A533973-CA7B-4E8B-B2B7-9F8C0913120D}.Debug|Any CPU.Build.0 = Debug|Any CPU
		{8A533973-CA7B-4E8B-B2B7-9F8C0913120D}.Release|Any CPU.ActiveCfg = Release|Any CPU
		{8A533973-CA7B-4E8B-B2B7-9F8C0913120D}.Release|Any CPU.Build.0 = Release|Any CPU
		{26C44BDD-4E47-42FE-995D-AB1E6F639670}.Debug|Any CPU.ActiveCfg = Debug|Any CPU
		{26C44BDD-4E47-42FE-995D-AB1E6F639670}.Debug|Any CPU.Build.0 = Debug|Any CPU
		{26C44BDD-4E47-42FE-995D-AB1E6F639670}.Release|Any CPU.ActiveCfg = Release|Any CPU
		{26C44BDD-4E47-42FE-995D-AB1E6F639670}.Release|Any CPU.Build.0 = Release|Any CPU
		{016D3B41-F166-45DA-90B8-D756DA6A08DB}.Debug|Any CPU.ActiveCfg = Debug|Any CPU
		{016D3B41-F166-45DA-90B8-D756DA6A08DB}.Debug|Any CPU.Build.0 = Debug|Any CPU
		{016D3B41-F166-45DA-90B8-D756DA6A08DB}.Release|Any CPU.ActiveCfg = Release|Any CPU
		{016D3B41-F166-45DA-90B8-D756DA6A08DB}.Release|Any CPU.Build.0 = Release|Any CPU
		{F96A087E-ED67-4D46-AA54-9E58714C42ED}.Debug|Any CPU.ActiveCfg = Debug|Any CPU
		{F96A087E-ED67-4D46-AA54-9E58714C42ED}.Debug|Any CPU.Build.0 = Debug|Any CPU
		{F96A087E-ED67-4D46-AA54-9E58714C42ED}.Release|Any CPU.ActiveCfg = Release|Any CPU
		{F96A087E-ED67-4D46-AA54-9E58714C42ED}.Release|Any CPU.Build.0 = Release|Any CPU
		{1751B4AB-C701-42AE-9AB0-9C06715F9E23}.Debug|Any CPU.ActiveCfg = Debug|Any CPU
		{1751B4AB-C701-42AE-9AB0-9C06715F9E23}.Debug|Any CPU.Build.0 = Debug|Any CPU
		{1751B4AB-C701-42AE-9AB0-9C06715F9E23}.Release|Any CPU.ActiveCfg = Release|Any CPU
		{1751B4AB-C701-42AE-9AB0-9C06715F9E23}.Release|Any CPU.Build.0 = Release|Any CPU
		{7FEAF58A-66BC-40E1-8697-AB8EAF50C2FC}.Debug|Any CPU.ActiveCfg = Debug|Any CPU
		{7FEAF58A-66BC-40E1-8697-AB8EAF50C2FC}.Debug|Any CPU.Build.0 = Debug|Any CPU
		{7FEAF58A-66BC-40E1-8697-AB8EAF50C2FC}.Release|Any CPU.ActiveCfg = Release|Any CPU
		{7FEAF58A-66BC-40E1-8697-AB8EAF50C2FC}.Release|Any CPU.Build.0 = Release|Any CPU
		{570B2D90-7B15-4028-8550-D111DE9DA53E}.Debug|Any CPU.ActiveCfg = Debug|Any CPU
		{570B2D90-7B15-4028-8550-D111DE9DA53E}.Debug|Any CPU.Build.0 = Debug|Any CPU
		{570B2D90-7B15-4028-8550-D111DE9DA53E}.Release|Any CPU.ActiveCfg = Release|Any CPU
		{570B2D90-7B15-4028-8550-D111DE9DA53E}.Release|Any CPU.Build.0 = Release|Any CPU
		{CF72AD1B-B495-49C3-854E-A00799F3C6BF}.Debug|Any CPU.ActiveCfg = Debug|Any CPU
		{CF72AD1B-B495-49C3-854E-A00799F3C6BF}.Debug|Any CPU.Build.0 = Debug|Any CPU
		{CF72AD1B-B495-49C3-854E-A00799F3C6BF}.Release|Any CPU.ActiveCfg = Release|Any CPU
		{CF72AD1B-B495-49C3-854E-A00799F3C6BF}.Release|Any CPU.Build.0 = Release|Any CPU
		{172A4E8C-E880-4CDD-8F4C-33E5EF67C37C}.Debug|Any CPU.ActiveCfg = Debug|Any CPU
		{172A4E8C-E880-4CDD-8F4C-33E5EF67C37C}.Debug|Any CPU.Build.0 = Debug|Any CPU
		{172A4E8C-E880-4CDD-8F4C-33E5EF67C37C}.Release|Any CPU.ActiveCfg = Release|Any CPU
		{172A4E8C-E880-4CDD-8F4C-33E5EF67C37C}.Release|Any CPU.Build.0 = Release|Any CPU
		{206FD072-E811-4164-9BF0-9D2CE62759B5}.Debug|Any CPU.ActiveCfg = Debug|Any CPU
		{206FD072-E811-4164-9BF0-9D2CE62759B5}.Debug|Any CPU.Build.0 = Debug|Any CPU
		{206FD072-E811-4164-9BF0-9D2CE62759B5}.Release|Any CPU.ActiveCfg = Release|Any CPU
		{206FD072-E811-4164-9BF0-9D2CE62759B5}.Release|Any CPU.Build.0 = Release|Any CPU
		{50668240-9E4A-4331-AC57-EB2DFABEBDC9}.Debug|Any CPU.ActiveCfg = Debug|Any CPU
		{50668240-9E4A-4331-AC57-EB2DFABEBDC9}.Debug|Any CPU.Build.0 = Debug|Any CPU
		{50668240-9E4A-4331-AC57-EB2DFABEBDC9}.Release|Any CPU.ActiveCfg = Release|Any CPU
		{50668240-9E4A-4331-AC57-EB2DFABEBDC9}.Release|Any CPU.Build.0 = Release|Any CPU
	EndGlobalSection
	GlobalSection(SolutionProperties) = preSolution
		HideSolutionNode = FALSE
	EndGlobalSection
	GlobalSection(NestedProjects) = preSolution
		{F8B40C32-F9C3-4EE5-9895-02BE510A9E92} = {4F43F6DF-72B2-4874-9D24-7C40955C2924}
		{C567E76C-2B2A-44CD-85F0-1FA2187D023E} = {F8B40C32-F9C3-4EE5-9895-02BE510A9E92}
		{8B6478C7-DD5D-4B21-8575-13F9A3445FE7} = {4F43F6DF-72B2-4874-9D24-7C40955C2924}
		{EF7EFBFB-096D-4A15-AD68-BE9B0E437067} = {4F43F6DF-72B2-4874-9D24-7C40955C2924}
		{3B8173BD-A72D-4F75-81AD-79163CCED8B4} = {D02A7005-98FD-46F6-9D42-A745CE376564}
		{50040EB2-0343-4F5E-9004-29A256A9999B} = {3B8173BD-A72D-4F75-81AD-79163CCED8B4}
		{1E7CB4FE-5B0E-4502-A103-0FBFFC6AA207} = {D02A7005-98FD-46F6-9D42-A745CE376564}
		{C94ABC23-6990-4227-9894-6EB4BB08C691} = {D02A7005-98FD-46F6-9D42-A745CE376564}
		{8F41A1AF-A550-45CF-B1DA-DF6B20167DF8} = {8CB57E2C-83EF-46D0-AC28-DF9AF6A6174B}
		{71E09D04-B419-4BA4-A427-56ABA95C487D} = {8F41A1AF-A550-45CF-B1DA-DF6B20167DF8}
		{DB8E45D9-01B2-43EA-866B-49A8A488BB22} = {8CB57E2C-83EF-46D0-AC28-DF9AF6A6174B}
		{F52229F2-7AD0-43C1-8B4C-A14D2B65921E} = {0D33C763-E3D1-432D-AF33-4FBE55F72B40}
		{70791BE6-C339-4D2F-A171-D8FB79E97A9F} = {F52229F2-7AD0-43C1-8B4C-A14D2B65921E}
		{F57EC82F-70D1-4485-91C7-988C2C20FE96} = {0D33C763-E3D1-432D-AF33-4FBE55F72B40}
		{0BD7AA8D-A7B9-4EF3-B326-E27FD037917C} = {C8726009-FB23-4A1C-B116-DC1A0BC181D5}
		{940C7E76-B044-44BD-9765-5BC024DCDFB5} = {0BD7AA8D-A7B9-4EF3-B326-E27FD037917C}
		{EC2BEEE4-64D9-40B9-AF66-547191521EC0} = {4F43F6DF-72B2-4874-9D24-7C40955C2924}
		{3850C95F-C4AD-4542-BD10-D06BD47B7C7E} = {4F43F6DF-72B2-4874-9D24-7C40955C2924}
		{53794AE8-F85D-4FE0-80C9-55E3BD9B482A} = {4F43F6DF-72B2-4874-9D24-7C40955C2924}
		{DCD36C12-FCEF-4DA3-A1D2-D7990D493369} = {4F43F6DF-72B2-4874-9D24-7C40955C2924}
		{574B48AC-709B-433C-90D2-3C365A5E9551} = {4F43F6DF-72B2-4874-9D24-7C40955C2924}
		{36154C1A-4420-47C7-94C6-598EC026FCFA} = {4F43F6DF-72B2-4874-9D24-7C40955C2924}
		{A2046A63-3957-4500-B713-6524079EAFDA} = {4F43F6DF-72B2-4874-9D24-7C40955C2924}
		{9F441AD2-83D7-4B12-B14D-6AF124D51041} = {4F43F6DF-72B2-4874-9D24-7C40955C2924}
		{151203AB-85C1-4057-8A0C-89FC476BF573} = {4F43F6DF-72B2-4874-9D24-7C40955C2924}
		{DB8A2B65-91E7-4FFE-9BD2-B7D74254C941} = {F2F442D2-6DBE-42BB-8E1F-AE9A27E83FC8}
		{A4CB1633-F6D7-43F1-AE51-F2212DFAE80B} = {8B6478C7-DD5D-4B21-8575-13F9A3445FE7}
		{05B6932A-4776-4BF0-B133-B584E38271ED} = {EF7EFBFB-096D-4A15-AD68-BE9B0E437067}
		{5910CAD7-36C6-4A73-8707-66D4E67A8704} = {A2046A63-3957-4500-B713-6524079EAFDA}
		{F2F442D2-6DBE-42BB-8E1F-AE9A27E83FC8} = {36154C1A-4420-47C7-94C6-598EC026FCFA}
		{8BF24D41-9308-478A-9993-21ED825164AA} = {F2F442D2-6DBE-42BB-8E1F-AE9A27E83FC8}
		{A10B01E0-8F7E-4B59-9F93-210FB32DC8A8} = {DB8E45D9-01B2-43EA-866B-49A8A488BB22}
		{805E5618-716D-49EB-BC27-8F2B1DF335B7} = {36154C1A-4420-47C7-94C6-598EC026FCFA}
		{8B29596E-30C7-4229-B8D6-26AC63727C1F} = {36154C1A-4420-47C7-94C6-598EC026FCFA}
		{1D6E97F5-0057-4334-AF98-F3F287A480EB} = {805E5618-716D-49EB-BC27-8F2B1DF335B7}
		{2500A1ED-7573-49B9-8E4A-F98D514FBDB3} = {8B29596E-30C7-4229-B8D6-26AC63727C1F}
		{BC3FC983-9093-4B58-B61D-45F69D39C85C} = {3B8173BD-A72D-4F75-81AD-79163CCED8B4}
		{AB0BB214-4370-4209-B7FA-CF6296B039FB} = {3B8173BD-A72D-4F75-81AD-79163CCED8B4}
		{8A533973-CA7B-4E8B-B2B7-9F8C0913120D} = {3B8173BD-A72D-4F75-81AD-79163CCED8B4}
		{26C44BDD-4E47-42FE-995D-AB1E6F639670} = {3B8173BD-A72D-4F75-81AD-79163CCED8B4}
		{B0A3CF0A-F145-4C3F-8A08-FC5279CA4EB2} = {4F43F6DF-72B2-4874-9D24-7C40955C2924}
		{B9B62345-FD45-409E-B297-0B2D12B606CD} = {B0A3CF0A-F145-4C3F-8A08-FC5279CA4EB2}
		{770025B1-3BB5-4D49-AD47-65512C9B6DFD} = {B0A3CF0A-F145-4C3F-8A08-FC5279CA4EB2}
		{2D0F8B16-7AC9-4D9E-AC8E-E082A8D20B12} = {B0A3CF0A-F145-4C3F-8A08-FC5279CA4EB2}
		{016D3B41-F166-45DA-90B8-D756DA6A08DB} = {B9B62345-FD45-409E-B297-0B2D12B606CD}
		{F96A087E-ED67-4D46-AA54-9E58714C42ED} = {B9B62345-FD45-409E-B297-0B2D12B606CD}
		{1751B4AB-C701-42AE-9AB0-9C06715F9E23} = {770025B1-3BB5-4D49-AD47-65512C9B6DFD}
		{7FEAF58A-66BC-40E1-8697-AB8EAF50C2FC} = {2D0F8B16-7AC9-4D9E-AC8E-E082A8D20B12}
		{8B94928E-AC9C-4A3B-A2AB-1F2F45BE592F} = {B0A3CF0A-F145-4C3F-8A08-FC5279CA4EB2}
		{570B2D90-7B15-4028-8550-D111DE9DA53E} = {8B94928E-AC9C-4A3B-A2AB-1F2F45BE592F}
		{CF72AD1B-B495-49C3-854E-A00799F3C6BF} = {770025B1-3BB5-4D49-AD47-65512C9B6DFD}
		{172A4E8C-E880-4CDD-8F4C-33E5EF67C37C} = {770025B1-3BB5-4D49-AD47-65512C9B6DFD}
		{206FD072-E811-4164-9BF0-9D2CE62759B5} = {ADE3325E-9CC0-45B0-AA99-F00D5DFB4D24}
		{50668240-9E4A-4331-AC57-EB2DFABEBDC9} = {ADE3325E-9CC0-45B0-AA99-F00D5DFB4D24}
	EndGlobalSection
	GlobalSection(ExtensibilityGlobals) = postSolution
		SolutionGuid = {3BFCF4E5-D7B6-470F-809E-06097435CCE8}
	EndGlobalSection
EndGlobal
