
Microsoft Visual Studio Solution File, Format Version 12.00
# Visual Studio Version 16
VisualStudioVersion = 16.0.29509.3
MinimumVisualStudioVersion = 15.0.26124.0
Project("{9A19103F-16F7-4668-BE54-9A1E7A4F7556}") = "UsersApi", "UsersApi\UsersApi.csproj", "{AE6550A5-0194-4CCC-B565-732DE19F07E4}"
EndProject
Project("{2150E333-8FDC-42A3-9474-1A3956D46DE8}") = "Libraries", "Libraries", "{4C2A310A-6BDF-4516-A76F-289769B0D42A}"
EndProject
Project("{2150E333-8FDC-42A3-9474-1A3956D46DE8}") = "Presentation", "Presentation", "{624E645B-1D7B-4DFE-AFFF-F2E5BF7AD638}"
EndProject
Project("{9A19103F-16F7-4668-BE54-9A1E7A4F7556}") = "UsersApi.Framework", "UsersApi.Framework\UsersApi.Framework.csproj", "{F29C6BAE-B624-4979-B2B1-FD8C606A281E}"
EndProject
Project("{2150E333-8FDC-42A3-9474-1A3956D46DE8}") = "Applications", "Applications", "{EF69406C-3E93-48BB-89A7-63F88ADB5C33}"
EndProject
Project("{9A19103F-16F7-4668-BE54-9A1E7A4F7556}") = "UsersApi.Data", "UsersApi.Data\UsersApi.Data.csproj", "{04938BD0-DD8C-4CBE-A53F-6CD1B037EA94}"
EndProject
Project("{9A19103F-16F7-4668-BE54-9A1E7A4F7556}") = "UsersApi.Business", "UsersApi.Business\UsersApi.Business.csproj", "{176E7594-3C59-4B11-82CA-EEC32C446365}"
EndProject
Project("{2150E333-8FDC-42A3-9474-1A3956D46DE8}") = "Shared", "Shared", "{0E1192AD-7ED6-43ED-A8B5-5157504FBDA5}"
EndProject
Project("{9A19103F-16F7-4668-BE54-9A1E7A4F7556}") = "UsersApi.Constants", "UsersApi.Constants\UsersApi.Constants.csproj", "{6F2CBA33-B8CD-4343-B8EB-219784FB206B}"
EndProject
Project("{9A19103F-16F7-4668-BE54-9A1E7A4F7556}") = "UsersApi.Common", "UsersApi.Common\UsersApi.Common.csproj", "{37D5D07A-1987-4601-8951-14AD7D41B2C9}"
EndProject
Global
	GlobalSection(SolutionConfigurationPlatforms) = preSolution
		Debug|Any CPU = Debug|Any CPU
		Debug|x64 = Debug|x64
		Debug|x86 = Debug|x86
		Release|Any CPU = Release|Any CPU
		Release|x64 = Release|x64
		Release|x86 = Release|x86
	EndGlobalSection
	GlobalSection(ProjectConfigurationPlatforms) = postSolution
		{AE6550A5-0194-4CCC-B565-732DE19F07E4}.Debug|Any CPU.ActiveCfg = Debug|Any CPU
		{AE6550A5-0194-4CCC-B565-732DE19F07E4}.Debug|Any CPU.Build.0 = Debug|Any CPU
		{AE6550A5-0194-4CCC-B565-732DE19F07E4}.Debug|x64.ActiveCfg = Debug|Any CPU
		{AE6550A5-0194-4CCC-B565-732DE19F07E4}.Debug|x64.Build.0 = Debug|Any CPU
		{AE6550A5-0194-4CCC-B565-732DE19F07E4}.Debug|x86.ActiveCfg = Debug|Any CPU
		{AE6550A5-0194-4CCC-B565-732DE19F07E4}.Debug|x86.Build.0 = Debug|Any CPU
		{AE6550A5-0194-4CCC-B565-732DE19F07E4}.Release|Any CPU.ActiveCfg = Release|Any CPU
		{AE6550A5-0194-4CCC-B565-732DE19F07E4}.Release|Any CPU.Build.0 = Release|Any CPU
		{AE6550A5-0194-4CCC-B565-732DE19F07E4}.Release|x64.ActiveCfg = Release|Any CPU
		{AE6550A5-0194-4CCC-B565-732DE19F07E4}.Release|x64.Build.0 = Release|Any CPU
		{AE6550A5-0194-4CCC-B565-732DE19F07E4}.Release|x86.ActiveCfg = Release|Any CPU
		{AE6550A5-0194-4CCC-B565-732DE19F07E4}.Release|x86.Build.0 = Release|Any CPU
		{F29C6BAE-B624-4979-B2B1-FD8C606A281E}.Debug|Any CPU.ActiveCfg = Debug|Any CPU
		{F29C6BAE-B624-4979-B2B1-FD8C606A281E}.Debug|Any CPU.Build.0 = Debug|Any CPU
		{F29C6BAE-B624-4979-B2B1-FD8C606A281E}.Debug|x64.ActiveCfg = Debug|Any CPU
		{F29C6BAE-B624-4979-B2B1-FD8C606A281E}.Debug|x64.Build.0 = Debug|Any CPU
		{F29C6BAE-B624-4979-B2B1-FD8C606A281E}.Debug|x86.ActiveCfg = Debug|Any CPU
		{F29C6BAE-B624-4979-B2B1-FD8C606A281E}.Debug|x86.Build.0 = Debug|Any CPU
		{F29C6BAE-B624-4979-B2B1-FD8C606A281E}.Release|Any CPU.ActiveCfg = Release|Any CPU
		{F29C6BAE-B624-4979-B2B1-FD8C606A281E}.Release|Any CPU.Build.0 = Release|Any CPU
		{F29C6BAE-B624-4979-B2B1-FD8C606A281E}.Release|x64.ActiveCfg = Release|Any CPU
		{F29C6BAE-B624-4979-B2B1-FD8C606A281E}.Release|x64.Build.0 = Release|Any CPU
		{F29C6BAE-B624-4979-B2B1-FD8C606A281E}.Release|x86.ActiveCfg = Release|Any CPU
		{F29C6BAE-B624-4979-B2B1-FD8C606A281E}.Release|x86.Build.0 = Release|Any CPU
		{04938BD0-DD8C-4CBE-A53F-6CD1B037EA94}.Debug|Any CPU.ActiveCfg = Debug|Any CPU
		{04938BD0-DD8C-4CBE-A53F-6CD1B037EA94}.Debug|Any CPU.Build.0 = Debug|Any CPU
		{04938BD0-DD8C-4CBE-A53F-6CD1B037EA94}.Debug|x64.ActiveCfg = Debug|Any CPU
		{04938BD0-DD8C-4CBE-A53F-6CD1B037EA94}.Debug|x64.Build.0 = Debug|Any CPU
		{04938BD0-DD8C-4CBE-A53F-6CD1B037EA94}.Debug|x86.ActiveCfg = Debug|Any CPU
		{04938BD0-DD8C-4CBE-A53F-6CD1B037EA94}.Debug|x86.Build.0 = Debug|Any CPU
		{04938BD0-DD8C-4CBE-A53F-6CD1B037EA94}.Release|Any CPU.ActiveCfg = Release|Any CPU
		{04938BD0-DD8C-4CBE-A53F-6CD1B037EA94}.Release|Any CPU.Build.0 = Release|Any CPU
		{04938BD0-DD8C-4CBE-A53F-6CD1B037EA94}.Release|x64.ActiveCfg = Release|Any CPU
		{04938BD0-DD8C-4CBE-A53F-6CD1B037EA94}.Release|x64.Build.0 = Release|Any CPU
		{04938BD0-DD8C-4CBE-A53F-6CD1B037EA94}.Release|x86.ActiveCfg = Release|Any CPU
		{04938BD0-DD8C-4CBE-A53F-6CD1B037EA94}.Release|x86.Build.0 = Release|Any CPU
		{176E7594-3C59-4B11-82CA-EEC32C446365}.Debug|Any CPU.ActiveCfg = Debug|Any CPU
		{176E7594-3C59-4B11-82CA-EEC32C446365}.Debug|Any CPU.Build.0 = Debug|Any CPU
		{176E7594-3C59-4B11-82CA-EEC32C446365}.Debug|x64.ActiveCfg = Debug|Any CPU
		{176E7594-3C59-4B11-82CA-EEC32C446365}.Debug|x64.Build.0 = Debug|Any CPU
		{176E7594-3C59-4B11-82CA-EEC32C446365}.Debug|x86.ActiveCfg = Debug|Any CPU
		{176E7594-3C59-4B11-82CA-EEC32C446365}.Debug|x86.Build.0 = Debug|Any CPU
		{176E7594-3C59-4B11-82CA-EEC32C446365}.Release|Any CPU.ActiveCfg = Release|Any CPU
		{176E7594-3C59-4B11-82CA-EEC32C446365}.Release|Any CPU.Build.0 = Release|Any CPU
		{176E7594-3C59-4B11-82CA-EEC32C446365}.Release|x64.ActiveCfg = Release|Any CPU
		{176E7594-3C59-4B11-82CA-EEC32C446365}.Release|x64.Build.0 = Release|Any CPU
		{176E7594-3C59-4B11-82CA-EEC32C446365}.Release|x86.ActiveCfg = Release|Any CPU
		{176E7594-3C59-4B11-82CA-EEC32C446365}.Release|x86.Build.0 = Release|Any CPU
		{6F2CBA33-B8CD-4343-B8EB-219784FB206B}.Debug|Any CPU.ActiveCfg = Debug|Any CPU
		{6F2CBA33-B8CD-4343-B8EB-219784FB206B}.Debug|Any CPU.Build.0 = Debug|Any CPU
		{6F2CBA33-B8CD-4343-B8EB-219784FB206B}.Debug|x64.ActiveCfg = Debug|Any CPU
		{6F2CBA33-B8CD-4343-B8EB-219784FB206B}.Debug|x64.Build.0 = Debug|Any CPU
		{6F2CBA33-B8CD-4343-B8EB-219784FB206B}.Debug|x86.ActiveCfg = Debug|Any CPU
		{6F2CBA33-B8CD-4343-B8EB-219784FB206B}.Debug|x86.Build.0 = Debug|Any CPU
		{6F2CBA33-B8CD-4343-B8EB-219784FB206B}.Release|Any CPU.ActiveCfg = Release|Any CPU
		{6F2CBA33-B8CD-4343-B8EB-219784FB206B}.Release|Any CPU.Build.0 = Release|Any CPU
		{6F2CBA33-B8CD-4343-B8EB-219784FB206B}.Release|x64.ActiveCfg = Release|Any CPU
		{6F2CBA33-B8CD-4343-B8EB-219784FB206B}.Release|x64.Build.0 = Release|Any CPU
		{6F2CBA33-B8CD-4343-B8EB-219784FB206B}.Release|x86.ActiveCfg = Release|Any CPU
		{6F2CBA33-B8CD-4343-B8EB-219784FB206B}.Release|x86.Build.0 = Release|Any CPU
		{37D5D07A-1987-4601-8951-14AD7D41B2C9}.Debug|Any CPU.ActiveCfg = Debug|Any CPU
		{37D5D07A-1987-4601-8951-14AD7D41B2C9}.Debug|Any CPU.Build.0 = Debug|Any CPU
		{37D5D07A-1987-4601-8951-14AD7D41B2C9}.Debug|x64.ActiveCfg = Debug|Any CPU
		{37D5D07A-1987-4601-8951-14AD7D41B2C9}.Debug|x64.Build.0 = Debug|Any CPU
		{37D5D07A-1987-4601-8951-14AD7D41B2C9}.Debug|x86.ActiveCfg = Debug|Any CPU
		{37D5D07A-1987-4601-8951-14AD7D41B2C9}.Debug|x86.Build.0 = Debug|Any CPU
		{37D5D07A-1987-4601-8951-14AD7D41B2C9}.Release|Any CPU.ActiveCfg = Release|Any CPU
		{37D5D07A-1987-4601-8951-14AD7D41B2C9}.Release|Any CPU.Build.0 = Release|Any CPU
		{37D5D07A-1987-4601-8951-14AD7D41B2C9}.Release|x64.ActiveCfg = Release|Any CPU
		{37D5D07A-1987-4601-8951-14AD7D41B2C9}.Release|x64.Build.0 = Release|Any CPU
		{37D5D07A-1987-4601-8951-14AD7D41B2C9}.Release|x86.ActiveCfg = Release|Any CPU
		{37D5D07A-1987-4601-8951-14AD7D41B2C9}.Release|x86.Build.0 = Release|Any CPU
	EndGlobalSection
	GlobalSection(SolutionProperties) = preSolution
		HideSolutionNode = FALSE
	EndGlobalSection
	GlobalSection(NestedProjects) = preSolution
		{AE6550A5-0194-4CCC-B565-732DE19F07E4} = {624E645B-1D7B-4DFE-AFFF-F2E5BF7AD638}
		{F29C6BAE-B624-4979-B2B1-FD8C606A281E} = {624E645B-1D7B-4DFE-AFFF-F2E5BF7AD638}
		{04938BD0-DD8C-4CBE-A53F-6CD1B037EA94} = {4C2A310A-6BDF-4516-A76F-289769B0D42A}
		{176E7594-3C59-4B11-82CA-EEC32C446365} = {EF69406C-3E93-48BB-89A7-63F88ADB5C33}
		{6F2CBA33-B8CD-4343-B8EB-219784FB206B} = {4C2A310A-6BDF-4516-A76F-289769B0D42A}
		{37D5D07A-1987-4601-8951-14AD7D41B2C9} = {0E1192AD-7ED6-43ED-A8B5-5157504FBDA5}
	EndGlobalSection
	GlobalSection(ExtensibilityGlobals) = postSolution
		SolutionGuid = {3B404A69-CA6C-4A66-BD16-3C73736A1D62}
	EndGlobalSection
EndGlobal
